
Microsoft Visual Studio Solution File, Format Version 12.00
# Visual Studio Version 17
VisualStudioVersion = 17.0.31903.59
MinimumVisualStudioVersion = 10.0.40219.1
Project("{FAE04EC0-301F-11D3-BF4B-00C04F79EFBC}") = "Calculadora", "Calculadora\Calculadora.csproj", "{BFA78D54-052D-43F0-95E1-E47FC0680A20}"
EndProject
Project("{FAE04EC0-301F-11D3-BF4B-00C04F79EFBC}") = "CalculadoraTestes", "CalculadoraTestes\CalculadoraTestes.csproj", "{48985A0E-C63B-4897-AFAB-5F2D344DA4D2}"
EndProject
Global
	GlobalSection(SolutionConfigurationPlatforms) = preSolution
		Debug|Any CPU = Debug|Any CPU
		Release|Any CPU = Release|Any CPU
	EndGlobalSection
	GlobalSection(SolutionProperties) = preSolution
		HideSolutionNode = FALSE
	EndGlobalSection
	GlobalSection(ProjectConfigurationPlatforms) = postSolution
		{BFA78D54-052D-43F0-95E1-E47FC0680A20}.Debug|Any CPU.ActiveCfg = Debug|Any CPU
		{BFA78D54-052D-43F0-95E1-E47FC0680A20}.Debug|Any CPU.Build.0 = Debug|Any CPU
		{BFA78D54-052D-43F0-95E1-E47FC0680A20}.Release|Any CPU.ActiveCfg = Release|Any CPU
		{BFA78D54-052D-43F0-95E1-E47FC0680A20}.Release|Any CPU.Build.0 = Release|Any CPU
		{48985A0E-C63B-4897-AFAB-5F2D344DA4D2}.Debug|Any CPU.ActiveCfg = Debug|Any CPU
		{48985A0E-C63B-4897-AFAB-5F2D344DA4D2}.Debug|Any CPU.Build.0 = Debug|Any CPU
		{48985A0E-C63B-4897-AFAB-5F2D344DA4D2}.Release|Any CPU.ActiveCfg = Release|Any CPU
		{48985A0E-C63B-4897-AFAB-5F2D344DA4D2}.Release|Any CPU.Build.0 = Release|Any CPU
	EndGlobalSection
EndGlobal
